
Microsoft Visual Studio Solution File, Format Version 12.00
# Visual Studio 2013
VisualStudioVersion = 12.0.31101.0
MinimumVisualStudioVersion = 10.0.40219.1
Project("{FAE04EC0-301F-11D3-BF4B-00C04F79EFBC}") = "GasOil", "MvcApplication2\GasOil.csproj", "{F3932243-4FD4-49A9-831D-89DA09C5E46C}"
	ProjectSection(ProjectDependencies) = postProject
		{7465494F-2C4A-4A61-AEDB-29954EFDB524} = {7465494F-2C4A-4A61-AEDB-29954EFDB524}
	EndProjectSection
EndProject
Project("{FAE04EC0-301F-11D3-BF4B-00C04F79EFBC}") = "GasOil.DataModel", "GasOil.DataModel\GasOil.DataModel.csproj", "{7465494F-2C4A-4A61-AEDB-29954EFDB524}"
EndProject
Global
	GlobalSection(SolutionConfigurationPlatforms) = preSolution
		Debug|Any CPU = Debug|Any CPU
		Release|Any CPU = Release|Any CPU
	EndGlobalSection
	GlobalSection(ProjectConfigurationPlatforms) = postSolution
		{F3932243-4FD4-49A9-831D-89DA09C5E46C}.Debug|Any CPU.ActiveCfg = Debug|Any CPU
		{F3932243-4FD4-49A9-831D-89DA09C5E46C}.Debug|Any CPU.Build.0 = Debug|Any CPU
		{F3932243-4FD4-49A9-831D-89DA09C5E46C}.Release|Any CPU.ActiveCfg = Release|Any CPU
		{F3932243-4FD4-49A9-831D-89DA09C5E46C}.Release|Any CPU.Build.0 = Release|Any CPU
		{7465494F-2C4A-4A61-AEDB-29954EFDB524}.Debug|Any CPU.ActiveCfg = Debug|Any CPU
		{7465494F-2C4A-4A61-AEDB-29954EFDB524}.Debug|Any CPU.Build.0 = Debug|Any CPU
		{7465494F-2C4A-4A61-AEDB-29954EFDB524}.Release|Any CPU.ActiveCfg = Release|Any CPU
		{7465494F-2C4A-4A61-AEDB-29954EFDB524}.Release|Any CPU.Build.0 = Release|Any CPU
	EndGlobalSection
	GlobalSection(SolutionProperties) = preSolution
		HideSolutionNode = FALSE
	EndGlobalSection
EndGlobal
